
Microsoft Visual Studio Solution File, Format Version 12.00
# Visual Studio Version 17
VisualStudioVersion = 17.5.33414.496
MinimumVisualStudioVersion = 10.0.40219.1
Project("{FAE04EC0-301F-11D3-BF4B-00C04F79EFBC}") = "Evaluation manager G11", "Evaluation manager G11\Evaluation manager G11.csproj", "{E3EBA6C6-B268-43CE-9915-FA215D269933}"
EndProject
Global
	GlobalSection(SolutionConfigurationPlatforms) = preSolution
		Debug|Any CPU = Debug|Any CPU
		Release|Any CPU = Release|Any CPU
	EndGlobalSection
	GlobalSection(ProjectConfigurationPlatforms) = postSolution
		{E3EBA6C6-B268-43CE-9915-FA215D269933}.Debug|Any CPU.ActiveCfg = Debug|Any CPU
		{E3EBA6C6-B268-43CE-9915-FA215D269933}.Debug|Any CPU.Build.0 = Debug|Any CPU
		{E3EBA6C6-B268-43CE-9915-FA215D269933}.Release|Any CPU.ActiveCfg = Release|Any CPU
		{E3EBA6C6-B268-43CE-9915-FA215D269933}.Release|Any CPU.Build.0 = Release|Any CPU
	EndGlobalSection
	GlobalSection(SolutionProperties) = preSolution
		HideSolutionNode = FALSE
	EndGlobalSection
	GlobalSection(ExtensibilityGlobals) = postSolution
		SolutionGuid = {A3D37F9C-A356-41D5-A130-50451AEAABC8}
	EndGlobalSection
EndGlobal
